
Microsoft Visual Studio Solution File, Format Version 12.00
Project("{FAE04EC0-301F-11D3-BF4B-00C04F79EFBC}") = "MathParser", "MathParser\MathParser.csproj", "{80B1609A-D9C4-4794-A098-8A1F9DF7C17C}"
EndProject
Project("{2150E333-8FDC-42A3-9474-1A3956D46DE8}") = "CodeStyle", "CodeStyle", "{1DC6730D-58C2-49ED-815D-E33E1688286C}"
	ProjectSection(SolutionItems) = preProject
		Directory.Build.props = Directory.Build.props
		global.json = global.json
		stylecop.json = stylecop.json
	EndProjectSection
EndProject
Project("{FAE04EC0-301F-11D3-BF4B-00C04F79EFBC}") = "MathParser.Tests", "MathParser.Tests\MathParser.Tests.csproj", "{277108D9-A83A-4260-8A7A-949CC55D4C42}"
EndProject
Global
	GlobalSection(SolutionConfigurationPlatforms) = preSolution
		Debug|Any CPU = Debug|Any CPU
		Release|Any CPU = Release|Any CPU
	EndGlobalSection
	GlobalSection(ProjectConfigurationPlatforms) = postSolution
		{80B1609A-D9C4-4794-A098-8A1F9DF7C17C}.Debug|Any CPU.ActiveCfg = Debug|Any CPU
		{80B1609A-D9C4-4794-A098-8A1F9DF7C17C}.Debug|Any CPU.Build.0 = Debug|Any CPU
		{80B1609A-D9C4-4794-A098-8A1F9DF7C17C}.Release|Any CPU.ActiveCfg = Release|Any CPU
		{80B1609A-D9C4-4794-A098-8A1F9DF7C17C}.Release|Any CPU.Build.0 = Release|Any CPU
		{277108D9-A83A-4260-8A7A-949CC55D4C42}.Debug|Any CPU.ActiveCfg = Debug|Any CPU
		{277108D9-A83A-4260-8A7A-949CC55D4C42}.Debug|Any CPU.Build.0 = Debug|Any CPU
		{277108D9-A83A-4260-8A7A-949CC55D4C42}.Release|Any CPU.ActiveCfg = Release|Any CPU
		{277108D9-A83A-4260-8A7A-949CC55D4C42}.Release|Any CPU.Build.0 = Release|Any CPU
	EndGlobalSection
EndGlobal
